
Microsoft Visual Studio Solution File, Format Version 12.00
# Visual Studio Version 16
VisualStudioVersion = 16.0.30523.141
MinimumVisualStudioVersion = 10.0.40219.1
Project("{FAE04EC0-301F-11D3-BF4B-00C04F79EFBC}") = "DÖNEM PROJESİ", "DÖNEM PROJESİ\DÖNEM PROJESİ.csproj", "{13D01B80-291A-4970-A625-A9AB5A6AF76B}"
EndProject
Global
	GlobalSection(SolutionConfigurationPlatforms) = preSolution
		Debug|Any CPU = Debug|Any CPU
		Release|Any CPU = Release|Any CPU
	EndGlobalSection
	GlobalSection(ProjectConfigurationPlatforms) = postSolution
		{13D01B80-291A-4970-A625-A9AB5A6AF76B}.Debug|Any CPU.ActiveCfg = Debug|Any CPU
		{13D01B80-291A-4970-A625-A9AB5A6AF76B}.Debug|Any CPU.Build.0 = Debug|Any CPU
		{13D01B80-291A-4970-A625-A9AB5A6AF76B}.Release|Any CPU.ActiveCfg = Release|Any CPU
		{13D01B80-291A-4970-A625-A9AB5A6AF76B}.Release|Any CPU.Build.0 = Release|Any CPU
	EndGlobalSection
	GlobalSection(SolutionProperties) = preSolution
		HideSolutionNode = FALSE
	EndGlobalSection
	GlobalSection(ExtensibilityGlobals) = postSolution
		SolutionGuid = {F7B9536A-419C-4A36-B058-649AFB546A03}
	EndGlobalSection
EndGlobal
